
Microsoft Visual Studio Solution File, Format Version 12.00
# Visual Studio Version 17
VisualStudioVersion = 17.5.002.0
MinimumVisualStudioVersion = 10.0.40219.1
Project("{9A19103F-16F7-4668-BE54-9A1E7A4F7556}") = "Perform basic operations on numbers in C#", "Perform basic operations on numbers in C#\Perform basic operations on numbers in C#.csproj", "{305A1300-F82F-4E6C-9788-0C0F4C490BE7}"
EndProject
Global
	GlobalSection(SolutionConfigurationPlatforms) = preSolution
		Debug|Any CPU = Debug|Any CPU
		Release|Any CPU = Release|Any CPU
	EndGlobalSection
	GlobalSection(ProjectConfigurationPlatforms) = postSolution
		{305A1300-F82F-4E6C-9788-0C0F4C490BE7}.Debug|Any CPU.ActiveCfg = Debug|Any CPU
		{305A1300-F82F-4E6C-9788-0C0F4C490BE7}.Debug|Any CPU.Build.0 = Debug|Any CPU
		{305A1300-F82F-4E6C-9788-0C0F4C490BE7}.Release|Any CPU.ActiveCfg = Release|Any CPU
		{305A1300-F82F-4E6C-9788-0C0F4C490BE7}.Release|Any CPU.Build.0 = Release|Any CPU
	EndGlobalSection
	GlobalSection(SolutionProperties) = preSolution
		HideSolutionNode = FALSE
	EndGlobalSection
	GlobalSection(ExtensibilityGlobals) = postSolution
		SolutionGuid = {721AC3D7-6B98-465F-AB69-D268B5A2A61F}
	EndGlobalSection
EndGlobal
