Microsoft Visual Studio Solution File, Format Version 12.00
# Visual Studio Version 17
VisualStudioVersion = 17.5.2.0
MinimumVisualStudioVersion = 10.0.40219.1
Project("{FAE04EC0-301F-11D3-BF4B-00C04F79EFBC}") = "StudentScores", "StudentScores\StudentScores.csproj", "{AADA28FB-7604-5B12-7F80-FC24CCDC7421}"
EndProject
Global
	GlobalSection(SolutionConfigurationPlatforms) = preSolution
		Debug|Any CPU = Debug|Any CPU
		Release|Any CPU = Release|Any CPU
	EndGlobalSection
	GlobalSection(ProjectConfigurationPlatforms) = postSolution
		{AADA28FB-7604-5B12-7F80-FC24CCDC7421}.Debug|Any CPU.ActiveCfg = Debug|Any CPU
		{AADA28FB-7604-5B12-7F80-FC24CCDC7421}.Debug|Any CPU.Build.0 = Debug|Any CPU
		{AADA28FB-7604-5B12-7F80-FC24CCDC7421}.Release|Any CPU.ActiveCfg = Release|Any CPU
		{AADA28FB-7604-5B12-7F80-FC24CCDC7421}.Release|Any CPU.Build.0 = Release|Any CPU
	EndGlobalSection
	GlobalSection(SolutionProperties) = preSolution
		HideSolutionNode = FALSE
	EndGlobalSection
	GlobalSection(ExtensibilityGlobals) = postSolution
		SolutionGuid = {92CA7D55-25B0-46F1-8F53-2F855E0079E8}
	EndGlobalSection
EndGlobal
