Microsoft Visual Studio Solution File, Format Version 12.00
# Visual Studio Version 17
VisualStudioVersion = 17.5.2.0
MinimumVisualStudioVersion = 10.0.40219.1
Project("{FAE04EC0-301F-11D3-BF4B-00C04F79EFBC}") = "CastingAndConvertion", "CastingAndConvertion\CastingAndConvertion.csproj", "{2DB2FAA8-CDFD-F334-83DB-9DD9D27ED3F9}"
EndProject
Global
	GlobalSection(SolutionConfigurationPlatforms) = preSolution
		Debug|Any CPU = Debug|Any CPU
		Release|Any CPU = Release|Any CPU
	EndGlobalSection
	GlobalSection(ProjectConfigurationPlatforms) = postSolution
		{2DB2FAA8-CDFD-F334-83DB-9DD9D27ED3F9}.Debug|Any CPU.ActiveCfg = Debug|Any CPU
		{2DB2FAA8-CDFD-F334-83DB-9DD9D27ED3F9}.Debug|Any CPU.Build.0 = Debug|Any CPU
		{2DB2FAA8-CDFD-F334-83DB-9DD9D27ED3F9}.Release|Any CPU.ActiveCfg = Release|Any CPU
		{2DB2FAA8-CDFD-F334-83DB-9DD9D27ED3F9}.Release|Any CPU.Build.0 = Release|Any CPU
	EndGlobalSection
	GlobalSection(SolutionProperties) = preSolution
		HideSolutionNode = FALSE
	EndGlobalSection
	GlobalSection(ExtensibilityGlobals) = postSolution
		SolutionGuid = {F71F0F43-1E19-41D0-A17A-3350262B04F8}
	EndGlobalSection
EndGlobal
