Microsoft Visual Studio Solution File, Format Version 12.00
# Visual Studio Version 17
VisualStudioVersion = 17.5.2.0
MinimumVisualStudioVersion = 10.0.40219.1
Project("{FAE04EC0-301F-11D3-BF4B-00C04F79EFBC}") = "GradeValuesForEachCourse", "GradeValuesForEachCourse\GradeValuesForEachCourse.csproj", "{42331BA0-F554-8F2A-FC98-974BEAF21C96}"
EndProject
Global
	GlobalSection(SolutionConfigurationPlatforms) = preSolution
		Debug|Any CPU = Debug|Any CPU
		Release|Any CPU = Release|Any CPU
	EndGlobalSection
	GlobalSection(ProjectConfigurationPlatforms) = postSolution
		{42331BA0-F554-8F2A-FC98-974BEAF21C96}.Debug|Any CPU.ActiveCfg = Debug|Any CPU
		{42331BA0-F554-8F2A-FC98-974BEAF21C96}.Debug|Any CPU.Build.0 = Debug|Any CPU
		{42331BA0-F554-8F2A-FC98-974BEAF21C96}.Release|Any CPU.ActiveCfg = Release|Any CPU
		{42331BA0-F554-8F2A-FC98-974BEAF21C96}.Release|Any CPU.Build.0 = Release|Any CPU
	EndGlobalSection
	GlobalSection(SolutionProperties) = preSolution
		HideSolutionNode = FALSE
	EndGlobalSection
	GlobalSection(ExtensibilityGlobals) = postSolution
		SolutionGuid = {E0F9F27F-0CF2-4664-ACB7-97A84EC4EE05}
	EndGlobalSection
EndGlobal
